// !$*UTF8*$!
{
	archiveVersion = 1;
	classes = {
	};
	objectVersion = 56;
	objects = {

/* Begin PBXBuildFile section */
		F202F7C32E44085F00504F43 /* RenewalPeriod+CoreDataClass.swift in Sources */ = {isa = PBXBuildFile; fileRef = F202F7C12E44085F00504F43 /* RenewalPeriod+CoreDataClass.swift */; };
		F202F7C42E44085F00504F43 /* RenewalPeriod+CoreDataProperties.swift in Sources */ = {isa = PBXBuildFile; fileRef = F202F7C22E44085F00504F43 /* RenewalPeriod+CoreDataProperties.swift */; };
		F202F7C62E4410AB00504F43 /* Ditched Code.md in Resources */ = {isa = PBXBuildFile; fileRef = F202F7C52E4410AB00504F43 /* Ditched Code.md */; };
		F229518D2E3179BF002550EC /* ActivityRatingScale.swift in Sources */ = {isa = PBXBuildFile; fileRef = F229518C2E3179BF002550EC /* ActivityRatingScale.swift */; };
		F25DCC742E553470006EFEDE /* CameraPickerView.swift in Sources */ = {isa = PBXBuildFile; fileRef = F25DCC732E553470006EFEDE /* CameraPickerView.swift */; };
		F266C57E2E4AFBE500D0832D /* Defunct Code.md in Resources */ = {isa = PBXBuildFile; fileRef = F266C57D2E4AFBE500D0832D /* Defunct Code.md */; };
		F273EC092E541A12003FCC43 /* NoCertificateView.swift in Sources */ = {isa = PBXBuildFile; fileRef = F273EC082E541A04003FCC43 /* NoCertificateView.swift */; };
		F2772B932E1DDA9F006A94BD /* MyContinuingEdAppApp.swift in Sources */ = {isa = PBXBuildFile; fileRef = F2772B922E1DDA9F006A94BD /* MyContinuingEdAppApp.swift */; };
		F2772B952E1DDA9F006A94BD /* ContentView.swift in Sources */ = {isa = PBXBuildFile; fileRef = F2772B942E1DDA9F006A94BD /* ContentView.swift */; };
		F2772B972E1DDAA2006A94BD /* Assets.xcassets in Resources */ = {isa = PBXBuildFile; fileRef = F2772B962E1DDAA2006A94BD /* Assets.xcassets */; };
		F2772B9A2E1DDAA2006A94BD /* Preview Assets.xcassets in Resources */ = {isa = PBXBuildFile; fileRef = F2772B992E1DDAA2006A94BD /* Preview Assets.xcassets */; };
		F2772BA22E1DDB3B006A94BD /* CEActivityModel.xcdatamodeld in Sources */ = {isa = PBXBuildFile; fileRef = F2772BA02E1DDB3B006A94BD /* CEActivityModel.xcdatamodeld */; };
		F2772BA42E1DE3A2006A94BD /* DataController.swift in Sources */ = {isa = PBXBuildFile; fileRef = F2772BA32E1DE3A2006A94BD /* DataController.swift */; };
		F27B0FC52E2EF6AA00A8B4E9 /* GeneralExtensions.swift in Sources */ = {isa = PBXBuildFile; fileRef = F27B0FC42E2EF6AA00A8B4E9 /* GeneralExtensions.swift */; };
		F2B389EF2E4C37C200518868 /* CertificatePickerView.swift in Sources */ = {isa = PBXBuildFile; fileRef = F2B389EE2E4C37BA00518868 /* CertificatePickerView.swift */; };
		F2B389F12E4C49C200518868 /* PDFKitView.swift in Sources */ = {isa = PBXBuildFile; fileRef = F2B389F02E4C49BD00518868 /* PDFKitView.swift */; };
		F2B389F32E4C538100518868 /* CertificateShareView.swift in Sources */ = {isa = PBXBuildFile; fileRef = F2B389F22E4C537C00518868 /* CertificateShareView.swift */; };
		F2B389F52E4C557300518868 /* HelperFunctions.swift in Sources */ = {isa = PBXBuildFile; fileRef = F2B389F42E4C556E00518868 /* HelperFunctions.swift */; };
		F2B521C22E1F5E63000AB6E6 /* SidebarView.swift in Sources */ = {isa = PBXBuildFile; fileRef = F2B521C12E1F5E63000AB6E6 /* SidebarView.swift */; };
		F2B521C42E1F5E7A000AB6E6 /* DetailView.swift in Sources */ = {isa = PBXBuildFile; fileRef = F2B521C32E1F5E7A000AB6E6 /* DetailView.swift */; };
		F2B521C82E1F65A9000AB6E6 /* Filter.swift in Sources */ = {isa = PBXBuildFile; fileRef = F2B521C72E1F65A9000AB6E6 /* Filter.swift */; };
		F2BC949F2E32D0C100926B3D /* Bundle-Decodable.swift in Sources */ = {isa = PBXBuildFile; fileRef = F2BC949E2E32D0C100926B3D /* Bundle-Decodable.swift */; };
		F2BC94A22E32DA1000926B3D /* Awards.json in Resources */ = {isa = PBXBuildFile; fileRef = F2BC94A02E32DA1000926B3D /* Awards.json */; };
		F2BC94A32E32DA1000926B3D /* Colors.xcassets in Resources */ = {isa = PBXBuildFile; fileRef = F2BC94A12E32DA1000926B3D /* Colors.xcassets */; };
		F2BC94A52E32DA4300926B3D /* Awards.swift in Sources */ = {isa = PBXBuildFile; fileRef = F2BC94A42E32DA4300926B3D /* Awards.swift */; };
		F2BC94A72E32DB4F00926B3D /* AwardsView.swift in Sources */ = {isa = PBXBuildFile; fileRef = F2BC94A62E32DB4F00926B3D /* AwardsView.swift */; };
		F2BC94A92E382E1700926B3D /* RenewalPeriod-CoreDataHelper.swift in Sources */ = {isa = PBXBuildFile; fileRef = F2BC94A82E382E1700926B3D /* RenewalPeriod-CoreDataHelper.swift */; };
		F2BC94AB2E38322600926B3D /* ActivityReflection-CoreDataHelper.swift in Sources */ = {isa = PBXBuildFile; fileRef = F2BC94AA2E38322600926B3D /* ActivityReflection-CoreDataHelper.swift */; };
		F2BC94AD2E38348600926B3D /* Settings-CoreDataHelper.swift in Sources */ = {isa = PBXBuildFile; fileRef = F2BC94AC2E38348600926B3D /* Settings-CoreDataHelper.swift */; };
		F2BC94AF2E386EDE00926B3D /* ActivityReflectionView.swift in Sources */ = {isa = PBXBuildFile; fileRef = F2BC94AE2E386EDE00926B3D /* ActivityReflectionView.swift */; };
		F2BC94B12E38770000926B3D /* RenewalPeriodView.swift in Sources */ = {isa = PBXBuildFile; fileRef = F2BC94B02E38770000926B3D /* RenewalPeriodView.swift */; };
		F2CC22CA2E28483C00F1F70D /* CEActivity-CoreDateHelper.swift in Sources */ = {isa = PBXBuildFile; fileRef = F2CC22C92E28483C00F1F70D /* CEActivity-CoreDateHelper.swift */; };
		F2CC22CC2E284B5D00F1F70D /* Tag-CoreDataHelper.swift in Sources */ = {isa = PBXBuildFile; fileRef = F2CC22CB2E284B5D00F1F70D /* Tag-CoreDataHelper.swift */; };
		F2F6D5762E2B45AE00E1FB5F /* NoActivityView.swift in Sources */ = {isa = PBXBuildFile; fileRef = F2F6D5752E2B45AE00E1FB5F /* NoActivityView.swift */; };
		F2F6D5782E2B460D00E1FB5F /* ActivityView.swift in Sources */ = {isa = PBXBuildFile; fileRef = F2F6D5772E2B460D00E1FB5F /* ActivityView.swift */; };
		F2F6D57A2E2B4FEB00E1FB5F /* ActivityRow.swift in Sources */ = {isa = PBXBuildFile; fileRef = F2F6D5792E2B4FEB00E1FB5F /* ActivityRow.swift */; };
		F2F6D57C2E2B53E500E1FB5F /* ExpirationTypeEnum.swift in Sources */ = {isa = PBXBuildFile; fileRef = F2F6D57B2E2B53E500E1FB5F /* ExpirationTypeEnum.swift */; };
/* End PBXBuildFile section */

/* Begin PBXFileReference section */
		F202F7C12E44085F00504F43 /* RenewalPeriod+CoreDataClass.swift */ = {isa = PBXFileReference; lastKnownFileType = sourcecode.swift; name = "RenewalPeriod+CoreDataClass.swift"; path = "MyContinuingEdApp/RenewalPeriod+CoreDataClass.swift"; sourceTree = "<group>"; };
		F202F7C22E44085F00504F43 /* RenewalPeriod+CoreDataProperties.swift */ = {isa = PBXFileReference; lastKnownFileType = sourcecode.swift; name = "RenewalPeriod+CoreDataProperties.swift"; path = "MyContinuingEdApp/RenewalPeriod+CoreDataProperties.swift"; sourceTree = "<group>"; };
		F202F7C52E4410AB00504F43 /* Ditched Code.md */ = {isa = PBXFileReference; lastKnownFileType = net.daringfireball.markdown; path = "Ditched Code.md"; sourceTree = "<group>"; };
		F229518C2E3179BF002550EC /* ActivityRatingScale.swift */ = {isa = PBXFileReference; lastKnownFileType = sourcecode.swift; path = ActivityRatingScale.swift; sourceTree = "<group>"; };
		F25DCC732E553470006EFEDE /* CameraPickerView.swift */ = {isa = PBXFileReference; lastKnownFileType = sourcecode.swift; path = CameraPickerView.swift; sourceTree = "<group>"; };
		F266C57D2E4AFBE500D0832D /* Defunct Code.md */ = {isa = PBXFileReference; lastKnownFileType = net.daringfireball.markdown; path = "Defunct Code.md"; sourceTree = "<group>"; };
		F273EC082E541A04003FCC43 /* NoCertificateView.swift */ = {isa = PBXFileReference; lastKnownFileType = sourcecode.swift; path = NoCertificateView.swift; sourceTree = "<group>"; };
		F2772B8F2E1DDA9F006A94BD /* MyContinuingEdApp.app */ = {isa = PBXFileReference; explicitFileType = wrapper.application; includeInIndex = 0; path = MyContinuingEdApp.app; sourceTree = BUILT_PRODUCTS_DIR; };
		F2772B922E1DDA9F006A94BD /* MyContinuingEdAppApp.swift */ = {isa = PBXFileReference; lastKnownFileType = sourcecode.swift; path = MyContinuingEdAppApp.swift; sourceTree = "<group>"; };
		F2772B942E1DDA9F006A94BD /* ContentView.swift */ = {isa = PBXFileReference; lastKnownFileType = sourcecode.swift; path = ContentView.swift; sourceTree = "<group>"; };
		F2772B962E1DDAA2006A94BD /* Assets.xcassets */ = {isa = PBXFileReference; lastKnownFileType = folder.assetcatalog; path = Assets.xcassets; sourceTree = "<group>"; };
		F2772B992E1DDAA2006A94BD /* Preview Assets.xcassets */ = {isa = PBXFileReference; lastKnownFileType = folder.assetcatalog; path = "Preview Assets.xcassets"; sourceTree = "<group>"; };
		F2772BA12E1DDB3B006A94BD /* CEActivityModel.xcdatamodel */ = {isa = PBXFileReference; lastKnownFileType = wrapper.xcdatamodel; path = CEActivityModel.xcdatamodel; sourceTree = "<group>"; };
		F2772BA32E1DE3A2006A94BD /* DataController.swift */ = {isa = PBXFileReference; lastKnownFileType = sourcecode.swift; path = DataController.swift; sourceTree = "<group>"; };
		F2772BA52E1DFA3D006A94BD /* MyContinuingEdApp.entitlements */ = {isa = PBXFileReference; lastKnownFileType = text.plist.entitlements; path = MyContinuingEdApp.entitlements; sourceTree = "<group>"; };
		F2772BA62E1DFA49006A94BD /* Info.plist */ = {isa = PBXFileReference; lastKnownFileType = text.plist; path = Info.plist; sourceTree = "<group>"; };
		F27B0FC42E2EF6AA00A8B4E9 /* GeneralExtensions.swift */ = {isa = PBXFileReference; lastKnownFileType = sourcecode.swift; path = GeneralExtensions.swift; sourceTree = "<group>"; };
		F2B389EE2E4C37BA00518868 /* CertificatePickerView.swift */ = {isa = PBXFileReference; lastKnownFileType = sourcecode.swift; path = CertificatePickerView.swift; sourceTree = "<group>"; };
		F2B389F02E4C49BD00518868 /* PDFKitView.swift */ = {isa = PBXFileReference; lastKnownFileType = sourcecode.swift; path = PDFKitView.swift; sourceTree = "<group>"; };
		F2B389F22E4C537C00518868 /* CertificateShareView.swift */ = {isa = PBXFileReference; lastKnownFileType = sourcecode.swift; path = CertificateShareView.swift; sourceTree = "<group>"; };
		F2B389F42E4C556E00518868 /* HelperFunctions.swift */ = {isa = PBXFileReference; lastKnownFileType = sourcecode.swift; path = HelperFunctions.swift; sourceTree = "<group>"; };
		F2B521C12E1F5E63000AB6E6 /* SidebarView.swift */ = {isa = PBXFileReference; lastKnownFileType = sourcecode.swift; path = SidebarView.swift; sourceTree = "<group>"; };
		F2B521C32E1F5E7A000AB6E6 /* DetailView.swift */ = {isa = PBXFileReference; lastKnownFileType = sourcecode.swift; path = DetailView.swift; sourceTree = "<group>"; };
		F2B521C72E1F65A9000AB6E6 /* Filter.swift */ = {isa = PBXFileReference; lastKnownFileType = sourcecode.swift; path = Filter.swift; sourceTree = "<group>"; };
		F2BC949E2E32D0C100926B3D /* Bundle-Decodable.swift */ = {isa = PBXFileReference; lastKnownFileType = sourcecode.swift; path = "Bundle-Decodable.swift"; sourceTree = "<group>"; };
		F2BC94A02E32DA1000926B3D /* Awards.json */ = {isa = PBXFileReference; fileEncoding = 4; lastKnownFileType = text.json; path = Awards.json; sourceTree = "<group>"; };
		F2BC94A12E32DA1000926B3D /* Colors.xcassets */ = {isa = PBXFileReference; lastKnownFileType = folder.assetcatalog; path = Colors.xcassets; sourceTree = "<group>"; };
		F2BC94A42E32DA4300926B3D /* Awards.swift */ = {isa = PBXFileReference; lastKnownFileType = sourcecode.swift; path = Awards.swift; sourceTree = "<group>"; };
		F2BC94A62E32DB4F00926B3D /* AwardsView.swift */ = {isa = PBXFileReference; lastKnownFileType = sourcecode.swift; path = AwardsView.swift; sourceTree = "<group>"; };
		F2BC94A82E382E1700926B3D /* RenewalPeriod-CoreDataHelper.swift */ = {isa = PBXFileReference; lastKnownFileType = sourcecode.swift; path = "RenewalPeriod-CoreDataHelper.swift"; sourceTree = "<group>"; };
		F2BC94AA2E38322600926B3D /* ActivityReflection-CoreDataHelper.swift */ = {isa = PBXFileReference; lastKnownFileType = sourcecode.swift; path = "ActivityReflection-CoreDataHelper.swift"; sourceTree = "<group>"; };
		F2BC94AC2E38348600926B3D /* Settings-CoreDataHelper.swift */ = {isa = PBXFileReference; lastKnownFileType = sourcecode.swift; path = "Settings-CoreDataHelper.swift"; sourceTree = "<group>"; };
		F2BC94AE2E386EDE00926B3D /* ActivityReflectionView.swift */ = {isa = PBXFileReference; lastKnownFileType = sourcecode.swift; path = ActivityReflectionView.swift; sourceTree = "<group>"; };
		F2BC94B02E38770000926B3D /* RenewalPeriodView.swift */ = {isa = PBXFileReference; lastKnownFileType = sourcecode.swift; path = RenewalPeriodView.swift; sourceTree = "<group>"; };
		F2CC22C92E28483C00F1F70D /* CEActivity-CoreDateHelper.swift */ = {isa = PBXFileReference; lastKnownFileType = sourcecode.swift; path = "CEActivity-CoreDateHelper.swift"; sourceTree = "<group>"; };
		F2CC22CB2E284B5D00F1F70D /* Tag-CoreDataHelper.swift */ = {isa = PBXFileReference; lastKnownFileType = sourcecode.swift; path = "Tag-CoreDataHelper.swift"; sourceTree = "<group>"; };
		F2F6D5752E2B45AE00E1FB5F /* NoActivityView.swift */ = {isa = PBXFileReference; lastKnownFileType = sourcecode.swift; path = NoActivityView.swift; sourceTree = "<group>"; };
		F2F6D5772E2B460D00E1FB5F /* ActivityView.swift */ = {isa = PBXFileReference; lastKnownFileType = sourcecode.swift; path = ActivityView.swift; sourceTree = "<group>"; };
		F2F6D5792E2B4FEB00E1FB5F /* ActivityRow.swift */ = {isa = PBXFileReference; lastKnownFileType = sourcecode.swift; path = ActivityRow.swift; sourceTree = "<group>"; };
		F2F6D57B2E2B53E500E1FB5F /* ExpirationTypeEnum.swift */ = {isa = PBXFileReference; lastKnownFileType = sourcecode.swift; path = ExpirationTypeEnum.swift; sourceTree = "<group>"; };
/* End PBXFileReference section */

/* Begin PBXFrameworksBuildPhase section */
		F2772B8C2E1DDA9F006A94BD /* Frameworks */ = {
			isa = PBXFrameworksBuildPhase;
			buildActionMask = 2147483647;
			files = (
			);
			runOnlyForDeploymentPostprocessing = 0;
		};
/* End PBXFrameworksBuildPhase section */

/* Begin PBXGroup section */
		F2772B862E1DDA9F006A94BD = {
			isa = PBXGroup;
			children = (
				F202F7C12E44085F00504F43 /* RenewalPeriod+CoreDataClass.swift */,
				F202F7C22E44085F00504F43 /* RenewalPeriod+CoreDataProperties.swift */,
				F2772B912E1DDA9F006A94BD /* MyContinuingEdApp */,
				F2772B902E1DDA9F006A94BD /* Products */,
				F273EC082E541A04003FCC43 /* NoCertificateView.swift */,
			);
			sourceTree = "<group>";
		};
		F2772B902E1DDA9F006A94BD /* Products */ = {
			isa = PBXGroup;
			children = (
				F2772B8F2E1DDA9F006A94BD /* MyContinuingEdApp.app */,
			);
			name = Products;
			sourceTree = "<group>";
		};
		F2772B912E1DDA9F006A94BD /* MyContinuingEdApp */ = {
			isa = PBXGroup;
			children = (
				F2772BA62E1DFA49006A94BD /* Info.plist */,
				F2772BA52E1DFA3D006A94BD /* MyContinuingEdApp.entitlements */,
				F2772B922E1DDA9F006A94BD /* MyContinuingEdAppApp.swift */,
				F2772B942E1DDA9F006A94BD /* ContentView.swift */,
				F2772BA02E1DDB3B006A94BD /* CEActivityModel.xcdatamodeld */,
				F2BC94AA2E38322600926B3D /* ActivityReflection-CoreDataHelper.swift */,
				F2BC94AC2E38348600926B3D /* Settings-CoreDataHelper.swift */,
				F2772B962E1DDAA2006A94BD /* Assets.xcassets */,
				F2772B982E1DDAA2006A94BD /* Preview Content */,
				F2772BA32E1DE3A2006A94BD /* DataController.swift */,
				F2BC94AE2E386EDE00926B3D /* ActivityReflectionView.swift */,
				F2BC94B02E38770000926B3D /* RenewalPeriodView.swift */,
				F2BC949E2E32D0C100926B3D /* Bundle-Decodable.swift */,
				F2CC22C92E28483C00F1F70D /* CEActivity-CoreDateHelper.swift */,
				F2CC22CB2E284B5D00F1F70D /* Tag-CoreDataHelper.swift */,
				F2F6D5752E2B45AE00E1FB5F /* NoActivityView.swift */,
				F2B521C12E1F5E63000AB6E6 /* SidebarView.swift */,
				F2B521C32E1F5E7A000AB6E6 /* DetailView.swift */,
				F2F6D5772E2B460D00E1FB5F /* ActivityView.swift */,
				F2B389F02E4C49BD00518868 /* PDFKitView.swift */,
				F2B389EE2E4C37BA00518868 /* CertificatePickerView.swift */,
				F25DCC732E553470006EFEDE /* CameraPickerView.swift */,
				F2B389F22E4C537C00518868 /* CertificateShareView.swift */,
				F2B389F42E4C556E00518868 /* HelperFunctions.swift */,
				F229518C2E3179BF002550EC /* ActivityRatingScale.swift */,
				F27B0FC42E2EF6AA00A8B4E9 /* GeneralExtensions.swift */,
				F2F6D5792E2B4FEB00E1FB5F /* ActivityRow.swift */,
				F2F6D57B2E2B53E500E1FB5F /* ExpirationTypeEnum.swift */,
				F2B521C72E1F65A9000AB6E6 /* Filter.swift */,
				F2BC94A02E32DA1000926B3D /* Awards.json */,
				F2BC94A62E32DB4F00926B3D /* AwardsView.swift */,
				F2BC94A42E32DA4300926B3D /* Awards.swift */,
				F2BC94A82E382E1700926B3D /* RenewalPeriod-CoreDataHelper.swift */,
				F266C57D2E4AFBE500D0832D /* Defunct Code.md */,
				F202F7C52E4410AB00504F43 /* Ditched Code.md */,
				F2BC94A12E32DA1000926B3D /* Colors.xcassets */,
			);
			path = MyContinuingEdApp;
			sourceTree = "<group>";
		};
		F2772B982E1DDAA2006A94BD /* Preview Content */ = {
			isa = PBXGroup;
			children = (
				F2772B992E1DDAA2006A94BD /* Preview Assets.xcassets */,
			);
			path = "Preview Content";
			sourceTree = "<group>";
		};
/* End PBXGroup section */

/* Begin PBXNativeTarget section */
		F2772B8E2E1DDA9F006A94BD /* MyContinuingEdApp */ = {
			isa = PBXNativeTarget;
			buildConfigurationList = F2772B9D2E1DDAA2006A94BD /* Build configuration list for PBXNativeTarget "MyContinuingEdApp" */;
			buildPhases = (
				F2772B8B2E1DDA9F006A94BD /* Sources */,
				F2772B8C2E1DDA9F006A94BD /* Frameworks */,
				F2772B8D2E1DDA9F006A94BD /* Resources */,
			);
			buildRules = (
			);
			dependencies = (
			);
			name = MyContinuingEdApp;
			productName = MyContinuingEdApp;
			productReference = F2772B8F2E1DDA9F006A94BD /* MyContinuingEdApp.app */;
			productType = "com.apple.product-type.application";
		};
/* End PBXNativeTarget section */

/* Begin PBXProject section */
		F2772B872E1DDA9F006A94BD /* Project object */ = {
			isa = PBXProject;
			attributes = {
				BuildIndependentTargetsInParallel = 1;
				LastSwiftUpdateCheck = 1420;
				LastUpgradeCheck = 1420;
				TargetAttributes = {
					F2772B8E2E1DDA9F006A94BD = {
						CreatedOnToolsVersion = 14.2;
					};
				};
			};
			buildConfigurationList = F2772B8A2E1DDA9F006A94BD /* Build configuration list for PBXProject "MyContinuingEdApp" */;
			compatibilityVersion = "Xcode 14.0";
			developmentRegion = en;
			hasScannedForEncodings = 0;
			knownRegions = (
				en,
				Base,
			);
			mainGroup = F2772B862E1DDA9F006A94BD;
			productRefGroup = F2772B902E1DDA9F006A94BD /* Products */;
			projectDirPath = "";
			projectRoot = "";
			targets = (
				F2772B8E2E1DDA9F006A94BD /* MyContinuingEdApp */,
			);
		};
/* End PBXProject section */

/* Begin PBXResourcesBuildPhase section */
		F2772B8D2E1DDA9F006A94BD /* Resources */ = {
			isa = PBXResourcesBuildPhase;
			buildActionMask = 2147483647;
			files = (
				F202F7C62E4410AB00504F43 /* Ditched Code.md in Resources */,
				F2772B9A2E1DDAA2006A94BD /* Preview Assets.xcassets in Resources */,
				F266C57E2E4AFBE500D0832D /* Defunct Code.md in Resources */,
				F2BC94A32E32DA1000926B3D /* Colors.xcassets in Resources */,
				F2BC94A22E32DA1000926B3D /* Awards.json in Resources */,
				F2772B972E1DDAA2006A94BD /* Assets.xcassets in Resources */,
			);
			runOnlyForDeploymentPostprocessing = 0;
		};
/* End PBXResourcesBuildPhase section */

/* Begin PBXSourcesBuildPhase section */
		F2772B8B2E1DDA9F006A94BD /* Sources */ = {
			isa = PBXSourcesBuildPhase;
			buildActionMask = 2147483647;
			files = (
				F202F7C32E44085F00504F43 /* RenewalPeriod+CoreDataClass.swift in Sources */,
				F202F7C42E44085F00504F43 /* RenewalPeriod+CoreDataProperties.swift in Sources */,
				F2BC94AF2E386EDE00926B3D /* ActivityReflectionView.swift in Sources */,
				F2F6D5782E2B460D00E1FB5F /* ActivityView.swift in Sources */,
				F2B521C82E1F65A9000AB6E6 /* Filter.swift in Sources */,
				F2BC94AB2E38322600926B3D /* ActivityReflection-CoreDataHelper.swift in Sources */,
				F2B389F52E4C557300518868 /* HelperFunctions.swift in Sources */,
				F2B389F32E4C538100518868 /* CertificateShareView.swift in Sources */,
				F2BC94A72E32DB4F00926B3D /* AwardsView.swift in Sources */,
				F2772BA22E1DDB3B006A94BD /* CEActivityModel.xcdatamodeld in Sources */,
				F2F6D5762E2B45AE00E1FB5F /* NoActivityView.swift in Sources */,
				F2CC22CC2E284B5D00F1F70D /* Tag-CoreDataHelper.swift in Sources */,
				F2BC94A52E32DA4300926B3D /* Awards.swift in Sources */,
				F2F6D57A2E2B4FEB00E1FB5F /* ActivityRow.swift in Sources */,
				F2B389F12E4C49C200518868 /* PDFKitView.swift in Sources */,
				F2B521C42E1F5E7A000AB6E6 /* DetailView.swift in Sources */,
				F229518D2E3179BF002550EC /* ActivityRatingScale.swift in Sources */,
				F2CC22CA2E28483C00F1F70D /* CEActivity-CoreDateHelper.swift in Sources */,
				F27B0FC52E2EF6AA00A8B4E9 /* GeneralExtensions.swift in Sources */,
				F2772BA42E1DE3A2006A94BD /* DataController.swift in Sources */,
				F2BC949F2E32D0C100926B3D /* Bundle-Decodable.swift in Sources */,
				F2BC94B12E38770000926B3D /* RenewalPeriodView.swift in Sources */,
				F2BC94A92E382E1700926B3D /* RenewalPeriod-CoreDataHelper.swift in Sources */,
				F273EC092E541A12003FCC43 /* NoCertificateView.swift in Sources */,
				F2B521C22E1F5E63000AB6E6 /* SidebarView.swift in Sources */,
				F2BC94AD2E38348600926B3D /* Settings-CoreDataHelper.swift in Sources */,
				F2772B952E1DDA9F006A94BD /* ContentView.swift in Sources */,
				F2772B932E1DDA9F006A94BD /* MyContinuingEdAppApp.swift in Sources */,
				F2B389EF2E4C37C200518868 /* CertificatePickerView.swift in Sources */,
				F25DCC742E553470006EFEDE /* CameraPickerView.swift in Sources */,
				F2F6D57C2E2B53E500E1FB5F /* ExpirationTypeEnum.swift in Sources */,
			);
			runOnlyForDeploymentPostprocessing = 0;
		};
/* End PBXSourcesBuildPhase section */

/* Begin XCBuildConfiguration section */
		F2772B9B2E1DDAA2006A94BD /* Debug */ = {
			isa = XCBuildConfiguration;
			buildSettings = {
				ALWAYS_SEARCH_USER_PATHS = NO;
				CLANG_ANALYZER_NONNULL = YES;
				CLANG_ANALYZER_NUMBER_OBJECT_CONVERSION = YES_AGGRESSIVE;
				CLANG_CXX_LANGUAGE_STANDARD = "gnu++20";
				CLANG_ENABLE_MODULES = YES;
				CLANG_ENABLE_OBJC_ARC = YES;
				CLANG_ENABLE_OBJC_WEAK = YES;
				CLANG_WARN_BLOCK_CAPTURE_AUTORELEASING = YES;
				CLANG_WARN_BOOL_CONVERSION = YES;
				CLANG_WARN_COMMA = YES;
				CLANG_WARN_CONSTANT_CONVERSION = YES;
				CLANG_WARN_DEPRECATED_OBJC_IMPLEMENTATIONS = YES;
				CLANG_WARN_DIRECT_OBJC_ISA_USAGE = YES_ERROR;
				CLANG_WARN_DOCUMENTATION_COMMENTS = YES;
				CLANG_WARN_EMPTY_BODY = YES;
				CLANG_WARN_ENUM_CONVERSION = YES;
				CLANG_WARN_INFINITE_RECURSION = YES;
				CLANG_WARN_INT_CONVERSION = YES;
				CLANG_WARN_NON_LITERAL_NULL_CONVERSION = YES;
				CLANG_WARN_OBJC_IMPLICIT_RETAIN_SELF = YES;
				CLANG_WARN_OBJC_LITERAL_CONVERSION = YES;
				CLANG_WARN_OBJC_ROOT_CLASS = YES_ERROR;
				CLANG_WARN_QUOTED_INCLUDE_IN_FRAMEWORK_HEADER = YES;
				CLANG_WARN_RANGE_LOOP_ANALYSIS = YES;
				CLANG_WARN_STRICT_PROTOTYPES = YES;
				CLANG_WARN_SUSPICIOUS_MOVE = YES;
				CLANG_WARN_UNGUARDED_AVAILABILITY = YES_AGGRESSIVE;
				CLANG_WARN_UNREACHABLE_CODE = YES;
				CLANG_WARN__DUPLICATE_METHOD_MATCH = YES;
				COPY_PHASE_STRIP = NO;
				DEBUG_INFORMATION_FORMAT = dwarf;
				ENABLE_STRICT_OBJC_MSGSEND = YES;
				ENABLE_TESTABILITY = YES;
				GCC_C_LANGUAGE_STANDARD = gnu11;
				GCC_DYNAMIC_NO_PIC = NO;
				GCC_NO_COMMON_BLOCKS = YES;
				GCC_OPTIMIZATION_LEVEL = 0;
				GCC_PREPROCESSOR_DEFINITIONS = (
					"DEBUG=1",
					"$(inherited)",
				);
				GCC_WARN_64_TO_32_BIT_CONVERSION = YES;
				GCC_WARN_ABOUT_RETURN_TYPE = YES_ERROR;
				GCC_WARN_UNDECLARED_SELECTOR = YES;
				GCC_WARN_UNINITIALIZED_AUTOS = YES_AGGRESSIVE;
				GCC_WARN_UNUSED_FUNCTION = YES;
				GCC_WARN_UNUSED_VARIABLE = YES;
				IPHONEOS_DEPLOYMENT_TARGET = 16.2;
				MTL_ENABLE_DEBUG_INFO = INCLUDE_SOURCE;
				MTL_FAST_MATH = YES;
				ONLY_ACTIVE_ARCH = YES;
				SDKROOT = iphoneos;
				SWIFT_ACTIVE_COMPILATION_CONDITIONS = DEBUG;
				SWIFT_OPTIMIZATION_LEVEL = "-Onone";
			};
			name = Debug;
		};
		F2772B9C2E1DDAA2006A94BD /* Release */ = {
			isa = XCBuildConfiguration;
			buildSettings = {
				ALWAYS_SEARCH_USER_PATHS = NO;
				CLANG_ANALYZER_NONNULL = YES;
				CLANG_ANALYZER_NUMBER_OBJECT_CONVERSION = YES_AGGRESSIVE;
				CLANG_CXX_LANGUAGE_STANDARD = "gnu++20";
				CLANG_ENABLE_MODULES = YES;
				CLANG_ENABLE_OBJC_ARC = YES;
				CLANG_ENABLE_OBJC_WEAK = YES;
				CLANG_WARN_BLOCK_CAPTURE_AUTORELEASING = YES;
				CLANG_WARN_BOOL_CONVERSION = YES;
				CLANG_WARN_COMMA = YES;
				CLANG_WARN_CONSTANT_CONVERSION = YES;
				CLANG_WARN_DEPRECATED_OBJC_IMPLEMENTATIONS = YES;
				CLANG_WARN_DIRECT_OBJC_ISA_USAGE = YES_ERROR;
				CLANG_WARN_DOCUMENTATION_COMMENTS = YES;
				CLANG_WARN_EMPTY_BODY = YES;
				CLANG_WARN_ENUM_CONVERSION = YES;
				CLANG_WARN_INFINITE_RECURSION = YES;
				CLANG_WARN_INT_CONVERSION = YES;
				CLANG_WARN_NON_LITERAL_NULL_CONVERSION = YES;
				CLANG_WARN_OBJC_IMPLICIT_RETAIN_SELF = YES;
				CLANG_WARN_OBJC_LITERAL_CONVERSION = YES;
				CLANG_WARN_OBJC_ROOT_CLASS = YES_ERROR;
				CLANG_WARN_QUOTED_INCLUDE_IN_FRAMEWORK_HEADER = YES;
				CLANG_WARN_RANGE_LOOP_ANALYSIS = YES;
				CLANG_WARN_STRICT_PROTOTYPES = YES;
				CLANG_WARN_SUSPICIOUS_MOVE = YES;
				CLANG_WARN_UNGUARDED_AVAILABILITY = YES_AGGRESSIVE;
				CLANG_WARN_UNREACHABLE_CODE = YES;
				CLANG_WARN__DUPLICATE_METHOD_MATCH = YES;
				COPY_PHASE_STRIP = NO;
				DEBUG_INFORMATION_FORMAT = "dwarf-with-dsym";
				ENABLE_NS_ASSERTIONS = NO;
				ENABLE_STRICT_OBJC_MSGSEND = YES;
				GCC_C_LANGUAGE_STANDARD = gnu11;
				GCC_NO_COMMON_BLOCKS = YES;
				GCC_WARN_64_TO_32_BIT_CONVERSION = YES;
				GCC_WARN_ABOUT_RETURN_TYPE = YES_ERROR;
				GCC_WARN_UNDECLARED_SELECTOR = YES;
				GCC_WARN_UNINITIALIZED_AUTOS = YES_AGGRESSIVE;
				GCC_WARN_UNUSED_FUNCTION = YES;
				GCC_WARN_UNUSED_VARIABLE = YES;
				IPHONEOS_DEPLOYMENT_TARGET = 16.2;
				MTL_ENABLE_DEBUG_INFO = NO;
				MTL_FAST_MATH = YES;
				SDKROOT = iphoneos;
				SWIFT_COMPILATION_MODE = wholemodule;
				SWIFT_OPTIMIZATION_LEVEL = "-O";
				VALIDATE_PRODUCT = YES;
			};
			name = Release;
		};
		F2772B9E2E1DDAA2006A94BD /* Debug */ = {
			isa = XCBuildConfiguration;
			buildSettings = {
				ASSETCATALOG_COMPILER_APPICON_NAME = AppIcon;
				ASSETCATALOG_COMPILER_GLOBAL_ACCENT_COLOR_NAME = AccentColor;
				CODE_SIGN_ENTITLEMENTS = MyContinuingEdApp/MyContinuingEdApp.entitlements;
				CODE_SIGN_STYLE = Automatic;
				CURRENT_PROJECT_VERSION = 1;
				DEVELOPMENT_ASSET_PATHS = "\"MyContinuingEdApp/Preview Content\"";
				DEVELOPMENT_TEAM = 5ZMV4Y9GVG;
				ENABLE_PREVIEWS = YES;
				GENERATE_INFOPLIST_FILE = YES;
				INFOPLIST_FILE = MyContinuingEdApp/Info.plist;
				INFOPLIST_KEY_NSPhotoLibraryUsageDescription = "Need access to your Photos library in order to access images of CE certificates that may be saved there";
				INFOPLIST_KEY_UIApplicationSceneManifest_Generation = YES;
				INFOPLIST_KEY_UILaunchScreen_Generation = YES;
				INFOPLIST_KEY_UISupportedInterfaceOrientations = "UIInterfaceOrientationLandscapeLeft UIInterfaceOrientationLandscapeRight UIInterfaceOrientationPortrait UIInterfaceOrientationPortraitUpsideDown";
				LD_RUNPATH_SEARCH_PATHS = (
					"$(inherited)",
					"@executable_path/Frameworks",
				);
				MARKETING_VERSION = 1.0;
				PRODUCT_BUNDLE_IDENTIFIER = TheEmpire.MyContinuingEdApp;
				PRODUCT_NAME = "$(TARGET_NAME)";
				SWIFT_EMIT_LOC_STRINGS = YES;
				SWIFT_VERSION = 5.0;
				TARGETED_DEVICE_FAMILY = "1,2";
			};
			name = Debug;
		};
		F2772B9F2E1DDAA2006A94BD /* Release */ = {
			isa = XCBuildConfiguration;
			buildSettings = {
				ASSETCATALOG_COMPILER_APPICON_NAME = AppIcon;
				ASSETCATALOG_COMPILER_GLOBAL_ACCENT_COLOR_NAME = AccentColor;
				CODE_SIGN_ENTITLEMENTS = MyContinuingEdApp/MyContinuingEdApp.entitlements;
				CODE_SIGN_STYLE = Automatic;
				CURRENT_PROJECT_VERSION = 1;
				DEVELOPMENT_ASSET_PATHS = "\"MyContinuingEdApp/Preview Content\"";
				DEVELOPMENT_TEAM = 5ZMV4Y9GVG;
				ENABLE_PREVIEWS = YES;
				GENERATE_INFOPLIST_FILE = YES;
				INFOPLIST_FILE = MyContinuingEdApp/Info.plist;
				INFOPLIST_KEY_NSPhotoLibraryUsageDescription = "Need access to your Photos library in order to access images of CE certificates that may be saved there";
				INFOPLIST_KEY_UIApplicationSceneManifest_Generation = YES;
				INFOPLIST_KEY_UILaunchScreen_Generation = YES;
				INFOPLIST_KEY_UISupportedInterfaceOrientations = "UIInterfaceOrientationLandscapeLeft UIInterfaceOrientationLandscapeRight UIInterfaceOrientationPortrait UIInterfaceOrientationPortraitUpsideDown";
				LD_RUNPATH_SEARCH_PATHS = (
					"$(inherited)",
					"@executable_path/Frameworks",
				);
				MARKETING_VERSION = 1.0;
				PRODUCT_BUNDLE_IDENTIFIER = TheEmpire.MyContinuingEdApp;
				PRODUCT_NAME = "$(TARGET_NAME)";
				SWIFT_EMIT_LOC_STRINGS = YES;
				SWIFT_VERSION = 5.0;
				TARGETED_DEVICE_FAMILY = "1,2";
			};
			name = Release;
		};
/* End XCBuildConfiguration section */

/* Begin XCConfigurationList section */
		F2772B8A2E1DDA9F006A94BD /* Build configuration list for PBXProject "MyContinuingEdApp" */ = {
			isa = XCConfigurationList;
			buildConfigurations = (
				F2772B9B2E1DDAA2006A94BD /* Debug */,
				F2772B9C2E1DDAA2006A94BD /* Release */,
			);
			defaultConfigurationIsVisible = 0;
			defaultConfigurationName = Release;
		};
		F2772B9D2E1DDAA2006A94BD /* Build configuration list for PBXNativeTarget "MyContinuingEdApp" */ = {
			isa = XCConfigurationList;
			buildConfigurations = (
				F2772B9E2E1DDAA2006A94BD /* Debug */,
				F2772B9F2E1DDAA2006A94BD /* Release */,
			);
			defaultConfigurationIsVisible = 0;
			defaultConfigurationName = Release;
		};
/* End XCConfigurationList section */

/* Begin XCVersionGroup section */
		F2772BA02E1DDB3B006A94BD /* CEActivityModel.xcdatamodeld */ = {
			isa = XCVersionGroup;
			children = (
				F2772BA12E1DDB3B006A94BD /* CEActivityModel.xcdatamodel */,
			);
			currentVersion = F2772BA12E1DDB3B006A94BD /* CEActivityModel.xcdatamodel */;
			path = CEActivityModel.xcdatamodeld;
			sourceTree = "<group>";
			versionGroupType = wrapper.xcdatamodel;
		};
/* End XCVersionGroup section */
	};
	rootObject = F2772B872E1DDA9F006A94BD /* Project object */;
}
