// !$*UTF8*$!
{
	archiveVersion = 1;
	classes = {
	};
	objectVersion = 56;
	objects = {

/* Begin PBXBuildFile section */
		F229518D2E3179BF002550EC /* ActivityRatingScale.swift in Sources */ = {isa = PBXBuildFile; fileRef = F229518C2E3179BF002550EC /* ActivityRatingScale.swift */; };
		F2772B932E1DDA9F006A94BD /* MyContinuingEdAppApp.swift in Sources */ = {isa = PBXBuildFile; fileRef = F2772B922E1DDA9F006A94BD /* MyContinuingEdAppApp.swift */; };
		F2772B952E1DDA9F006A94BD /* ContentView.swift in Sources */ = {isa = PBXBuildFile; fileRef = F2772B942E1DDA9F006A94BD /* ContentView.swift */; };
		F2772B972E1DDAA2006A94BD /* Assets.xcassets in Resources */ = {isa = PBXBuildFile; fileRef = F2772B962E1DDAA2006A94BD /* Assets.xcassets */; };
		F2772B9A2E1DDAA2006A94BD /* Preview Assets.xcassets in Resources */ = {isa = PBXBuildFile; fileRef = F2772B992E1DDAA2006A94BD /* Preview Assets.xcassets */; };
		F2772BA22E1DDB3B006A94BD /* CEActivityModel.xcdatamodeld in Sources */ = {isa = PBXBuildFile; fileRef = F2772BA02E1DDB3B006A94BD /* CEActivityModel.xcdatamodeld */; };
		F2772BA42E1DE3A2006A94BD /* DataController.swift in Sources */ = {isa = PBXBuildFile; fileRef = F2772BA32E1DE3A2006A94BD /* DataController.swift */; };
		F27B0FC52E2EF6AA00A8B4E9 /* GeneralExtensions.swift in Sources */ = {isa = PBXBuildFile; fileRef = F27B0FC42E2EF6AA00A8B4E9 /* GeneralExtensions.swift */; };
		F2B521C22E1F5E63000AB6E6 /* SidebarView.swift in Sources */ = {isa = PBXBuildFile; fileRef = F2B521C12E1F5E63000AB6E6 /* SidebarView.swift */; };
		F2B521C42E1F5E7A000AB6E6 /* DetailView.swift in Sources */ = {isa = PBXBuildFile; fileRef = F2B521C32E1F5E7A000AB6E6 /* DetailView.swift */; };
		F2B521C82E1F65A9000AB6E6 /* Filter.swift in Sources */ = {isa = PBXBuildFile; fileRef = F2B521C72E1F65A9000AB6E6 /* Filter.swift */; };
		F2CC22CA2E28483C00F1F70D /* CEActivity-CoreDateHelper.swift in Sources */ = {isa = PBXBuildFile; fileRef = F2CC22C92E28483C00F1F70D /* CEActivity-CoreDateHelper.swift */; };
		F2CC22CC2E284B5D00F1F70D /* Tag-CoreDataHelper.swift in Sources */ = {isa = PBXBuildFile; fileRef = F2CC22CB2E284B5D00F1F70D /* Tag-CoreDataHelper.swift */; };
		F2F6D5762E2B45AE00E1FB5F /* NoActivityView.swift in Sources */ = {isa = PBXBuildFile; fileRef = F2F6D5752E2B45AE00E1FB5F /* NoActivityView.swift */; };
		F2F6D5782E2B460D00E1FB5F /* ActivityView.swift in Sources */ = {isa = PBXBuildFile; fileRef = F2F6D5772E2B460D00E1FB5F /* ActivityView.swift */; };
		F2F6D57A2E2B4FEB00E1FB5F /* ActivityRow.swift in Sources */ = {isa = PBXBuildFile; fileRef = F2F6D5792E2B4FEB00E1FB5F /* ActivityRow.swift */; };
		F2F6D57C2E2B53E500E1FB5F /* ExpirationTypeEnum.swift in Sources */ = {isa = PBXBuildFile; fileRef = F2F6D57B2E2B53E500E1FB5F /* ExpirationTypeEnum.swift */; };
/* End PBXBuildFile section */

/* Begin PBXFileReference section */
		F229518C2E3179BF002550EC /* ActivityRatingScale.swift */ = {isa = PBXFileReference; lastKnownFileType = sourcecode.swift; path = ActivityRatingScale.swift; sourceTree = "<group>"; };
		F2772B8F2E1DDA9F006A94BD /* MyContinuingEdApp.app */ = {isa = PBXFileReference; explicitFileType = wrapper.application; includeInIndex = 0; path = MyContinuingEdApp.app; sourceTree = BUILT_PRODUCTS_DIR; };
		F2772B922E1DDA9F006A94BD /* MyContinuingEdAppApp.swift */ = {isa = PBXFileReference; lastKnownFileType = sourcecode.swift; path = MyContinuingEdAppApp.swift; sourceTree = "<group>"; };
		F2772B942E1DDA9F006A94BD /* ContentView.swift */ = {isa = PBXFileReference; lastKnownFileType = sourcecode.swift; path = ContentView.swift; sourceTree = "<group>"; };
		F2772B962E1DDAA2006A94BD /* Assets.xcassets */ = {isa = PBXFileReference; lastKnownFileType = folder.assetcatalog; path = Assets.xcassets; sourceTree = "<group>"; };
		F2772B992E1DDAA2006A94BD /* Preview Assets.xcassets */ = {isa = PBXFileReference; lastKnownFileType = folder.assetcatalog; path = "Preview Assets.xcassets"; sourceTree = "<group>"; };
		F2772BA12E1DDB3B006A94BD /* CEActivityModel.xcdatamodel */ = {isa = PBXFileReference; lastKnownFileType = wrapper.xcdatamodel; path = CEActivityModel.xcdatamodel; sourceTree = "<group>"; };
		F2772BA32E1DE3A2006A94BD /* DataController.swift */ = {isa = PBXFileReference; lastKnownFileType = sourcecode.swift; path = DataController.swift; sourceTree = "<group>"; };
		F2772BA52E1DFA3D006A94BD /* MyContinuingEdApp.entitlements */ = {isa = PBXFileReference; lastKnownFileType = text.plist.entitlements; path = MyContinuingEdApp.entitlements; sourceTree = "<group>"; };
		F2772BA62E1DFA49006A94BD /* Info.plist */ = {isa = PBXFileReference; lastKnownFileType = text.plist; path = Info.plist; sourceTree = "<group>"; };
		F27B0FC42E2EF6AA00A8B4E9 /* GeneralExtensions.swift */ = {isa = PBXFileReference; lastKnownFileType = sourcecode.swift; path = GeneralExtensions.swift; sourceTree = "<group>"; };
		F2B521C12E1F5E63000AB6E6 /* SidebarView.swift */ = {isa = PBXFileReference; lastKnownFileType = sourcecode.swift; path = SidebarView.swift; sourceTree = "<group>"; };
		F2B521C32E1F5E7A000AB6E6 /* DetailView.swift */ = {isa = PBXFileReference; lastKnownFileType = sourcecode.swift; path = DetailView.swift; sourceTree = "<group>"; };
		F2B521C72E1F65A9000AB6E6 /* Filter.swift */ = {isa = PBXFileReference; lastKnownFileType = sourcecode.swift; path = Filter.swift; sourceTree = "<group>"; };
		F2CC22C92E28483C00F1F70D /* CEActivity-CoreDateHelper.swift */ = {isa = PBXFileReference; lastKnownFileType = sourcecode.swift; path = "CEActivity-CoreDateHelper.swift"; sourceTree = "<group>"; };
		F2CC22CB2E284B5D00F1F70D /* Tag-CoreDataHelper.swift */ = {isa = PBXFileReference; lastKnownFileType = sourcecode.swift; path = "Tag-CoreDataHelper.swift"; sourceTree = "<group>"; };
		F2F6D5752E2B45AE00E1FB5F /* NoActivityView.swift */ = {isa = PBXFileReference; lastKnownFileType = sourcecode.swift; path = NoActivityView.swift; sourceTree = "<group>"; };
		F2F6D5772E2B460D00E1FB5F /* ActivityView.swift */ = {isa = PBXFileReference; lastKnownFileType = sourcecode.swift; path = ActivityView.swift; sourceTree = "<group>"; };
		F2F6D5792E2B4FEB00E1FB5F /* ActivityRow.swift */ = {isa = PBXFileReference; lastKnownFileType = sourcecode.swift; path = ActivityRow.swift; sourceTree = "<group>"; };
		F2F6D57B2E2B53E500E1FB5F /* ExpirationTypeEnum.swift */ = {isa = PBXFileReference; lastKnownFileType = sourcecode.swift; path = ExpirationTypeEnum.swift; sourceTree = "<group>"; };
/* End PBXFileReference section */

/* Begin PBXFrameworksBuildPhase section */
		F2772B8C2E1DDA9F006A94BD /* Frameworks */ = {
			isa = PBXFrameworksBuildPhase;
			buildActionMask = 2147483647;
			files = (
			);
			runOnlyForDeploymentPostprocessing = 0;
		};
/* End PBXFrameworksBuildPhase section */

/* Begin PBXGroup section */
		F2772B862E1DDA9F006A94BD = {
			isa = PBXGroup;
			children = (
				F2772B912E1DDA9F006A94BD /* MyContinuingEdApp */,
				F2772B902E1DDA9F006A94BD /* Products */,
			);
			sourceTree = "<group>";
		};
		F2772B902E1DDA9F006A94BD /* Products */ = {
			isa = PBXGroup;
			children = (
				F2772B8F2E1DDA9F006A94BD /* MyContinuingEdApp.app */,
			);
			name = Products;
			sourceTree = "<group>";
		};
		F2772B912E1DDA9F006A94BD /* MyContinuingEdApp */ = {
			isa = PBXGroup;
			children = (
				F2772BA62E1DFA49006A94BD /* Info.plist */,
				F2772BA52E1DFA3D006A94BD /* MyContinuingEdApp.entitlements */,
				F2772B922E1DDA9F006A94BD /* MyContinuingEdAppApp.swift */,
				F2772B942E1DDA9F006A94BD /* ContentView.swift */,
				F2772BA02E1DDB3B006A94BD /* CEActivityModel.xcdatamodeld */,
				F2772B962E1DDAA2006A94BD /* Assets.xcassets */,
				F2772B982E1DDAA2006A94BD /* Preview Content */,
				F2772BA32E1DE3A2006A94BD /* DataController.swift */,
				F2CC22C92E28483C00F1F70D /* CEActivity-CoreDateHelper.swift */,
				F2CC22CB2E284B5D00F1F70D /* Tag-CoreDataHelper.swift */,
				F2F6D5752E2B45AE00E1FB5F /* NoActivityView.swift */,
				F2B521C12E1F5E63000AB6E6 /* SidebarView.swift */,
				F2B521C32E1F5E7A000AB6E6 /* DetailView.swift */,
				F2F6D5772E2B460D00E1FB5F /* ActivityView.swift */,
				F229518C2E3179BF002550EC /* ActivityRatingScale.swift */,
				F27B0FC42E2EF6AA00A8B4E9 /* GeneralExtensions.swift */,
				F2F6D5792E2B4FEB00E1FB5F /* ActivityRow.swift */,
				F2F6D57B2E2B53E500E1FB5F /* ExpirationTypeEnum.swift */,
				F2B521C72E1F65A9000AB6E6 /* Filter.swift */,
			);
			path = MyContinuingEdApp;
			sourceTree = "<group>";
		};
		F2772B982E1DDAA2006A94BD /* Preview Content */ = {
			isa = PBXGroup;
			children = (
				F2772B992E1DDAA2006A94BD /* Preview Assets.xcassets */,
			);
			path = "Preview Content";
			sourceTree = "<group>";
		};
/* End PBXGroup section */

/* Begin PBXNativeTarget section */
		F2772B8E2E1DDA9F006A94BD /* MyContinuingEdApp */ = {
			isa = PBXNativeTarget;
			buildConfigurationList = F2772B9D2E1DDAA2006A94BD /* Build configuration list for PBXNativeTarget "MyContinuingEdApp" */;
			buildPhases = (
				F2772B8B2E1DDA9F006A94BD /* Sources */,
				F2772B8C2E1DDA9F006A94BD /* Frameworks */,
				F2772B8D2E1DDA9F006A94BD /* Resources */,
			);
			buildRules = (
			);
			dependencies = (
			);
			name = MyContinuingEdApp;
			productName = MyContinuingEdApp;
			productReference = F2772B8F2E1DDA9F006A94BD /* MyContinuingEdApp.app */;
			productType = "com.apple.product-type.application";
		};
/* End PBXNativeTarget section */

/* Begin PBXProject section */
		F2772B872E1DDA9F006A94BD /* Project object */ = {
			isa = PBXProject;
			attributes = {
				BuildIndependentTargetsInParallel = 1;
				LastSwiftUpdateCheck = 1420;
				LastUpgradeCheck = 1420;
				TargetAttributes = {
					F2772B8E2E1DDA9F006A94BD = {
						CreatedOnToolsVersion = 14.2;
					};
				};
			};
			buildConfigurationList = F2772B8A2E1DDA9F006A94BD /* Build configuration list for PBXProject "MyContinuingEdApp" */;
			compatibilityVersion = "Xcode 14.0";
			developmentRegion = en;
			hasScannedForEncodings = 0;
			knownRegions = (
				en,
				Base,
			);
			mainGroup = F2772B862E1DDA9F006A94BD;
			productRefGroup = F2772B902E1DDA9F006A94BD /* Products */;
			projectDirPath = "";
			projectRoot = "";
			targets = (
				F2772B8E2E1DDA9F006A94BD /* MyContinuingEdApp */,
			);
		};
/* End PBXProject section */

/* Begin PBXResourcesBuildPhase section */
		F2772B8D2E1DDA9F006A94BD /* Resources */ = {
			isa = PBXResourcesBuildPhase;
			buildActionMask = 2147483647;
			files = (
				F2772B9A2E1DDAA2006A94BD /* Preview Assets.xcassets in Resources */,
				F2772B972E1DDAA2006A94BD /* Assets.xcassets in Resources */,
			);
			runOnlyForDeploymentPostprocessing = 0;
		};
/* End PBXResourcesBuildPhase section */

/* Begin PBXSourcesBuildPhase section */
		F2772B8B2E1DDA9F006A94BD /* Sources */ = {
			isa = PBXSourcesBuildPhase;
			buildActionMask = 2147483647;
			files = (
				F2F6D5782E2B460D00E1FB5F /* ActivityView.swift in Sources */,
				F2B521C82E1F65A9000AB6E6 /* Filter.swift in Sources */,
				F2772BA22E1DDB3B006A94BD /* CEActivityModel.xcdatamodeld in Sources */,
				F2F6D5762E2B45AE00E1FB5F /* NoActivityView.swift in Sources */,
				F2CC22CC2E284B5D00F1F70D /* Tag-CoreDataHelper.swift in Sources */,
				F2F6D57A2E2B4FEB00E1FB5F /* ActivityRow.swift in Sources */,
				F2B521C42E1F5E7A000AB6E6 /* DetailView.swift in Sources */,
				F229518D2E3179BF002550EC /* ActivityRatingScale.swift in Sources */,
				F2CC22CA2E28483C00F1F70D /* CEActivity-CoreDateHelper.swift in Sources */,
				F27B0FC52E2EF6AA00A8B4E9 /* GeneralExtensions.swift in Sources */,
				F2772BA42E1DE3A2006A94BD /* DataController.swift in Sources */,
				F2B521C22E1F5E63000AB6E6 /* SidebarView.swift in Sources */,
				F2772B952E1DDA9F006A94BD /* ContentView.swift in Sources */,
				F2772B932E1DDA9F006A94BD /* MyContinuingEdAppApp.swift in Sources */,
				F2F6D57C2E2B53E500E1FB5F /* ExpirationTypeEnum.swift in Sources */,
			);
			runOnlyForDeploymentPostprocessing = 0;
		};
/* End PBXSourcesBuildPhase section */

/* Begin XCBuildConfiguration section */
		F2772B9B2E1DDAA2006A94BD /* Debug */ = {
			isa = XCBuildConfiguration;
			buildSettings = {
				ALWAYS_SEARCH_USER_PATHS = NO;
				CLANG_ANALYZER_NONNULL = YES;
				CLANG_ANALYZER_NUMBER_OBJECT_CONVERSION = YES_AGGRESSIVE;
				CLANG_CXX_LANGUAGE_STANDARD = "gnu++20";
				CLANG_ENABLE_MODULES = YES;
				CLANG_ENABLE_OBJC_ARC = YES;
				CLANG_ENABLE_OBJC_WEAK = YES;
				CLANG_WARN_BLOCK_CAPTURE_AUTORELEASING = YES;
				CLANG_WARN_BOOL_CONVERSION = YES;
				CLANG_WARN_COMMA = YES;
				CLANG_WARN_CONSTANT_CONVERSION = YES;
				CLANG_WARN_DEPRECATED_OBJC_IMPLEMENTATIONS = YES;
				CLANG_WARN_DIRECT_OBJC_ISA_USAGE = YES_ERROR;
				CLANG_WARN_DOCUMENTATION_COMMENTS = YES;
				CLANG_WARN_EMPTY_BODY = YES;
				CLANG_WARN_ENUM_CONVERSION = YES;
				CLANG_WARN_INFINITE_RECURSION = YES;
				CLANG_WARN_INT_CONVERSION = YES;
				CLANG_WARN_NON_LITERAL_NULL_CONVERSION = YES;
				CLANG_WARN_OBJC_IMPLICIT_RETAIN_SELF = YES;
				CLANG_WARN_OBJC_LITERAL_CONVERSION = YES;
				CLANG_WARN_OBJC_ROOT_CLASS = YES_ERROR;
				CLANG_WARN_QUOTED_INCLUDE_IN_FRAMEWORK_HEADER = YES;
				CLANG_WARN_RANGE_LOOP_ANALYSIS = YES;
				CLANG_WARN_STRICT_PROTOTYPES = YES;
				CLANG_WARN_SUSPICIOUS_MOVE = YES;
				CLANG_WARN_UNGUARDED_AVAILABILITY = YES_AGGRESSIVE;
				CLANG_WARN_UNREACHABLE_CODE = YES;
				CLANG_WARN__DUPLICATE_METHOD_MATCH = YES;
				COPY_PHASE_STRIP = NO;
				DEBUG_INFORMATION_FORMAT = dwarf;
				ENABLE_STRICT_OBJC_MSGSEND = YES;
				ENABLE_TESTABILITY = YES;
				GCC_C_LANGUAGE_STANDARD = gnu11;
				GCC_DYNAMIC_NO_PIC = NO;
				GCC_NO_COMMON_BLOCKS = YES;
				GCC_OPTIMIZATION_LEVEL = 0;
				GCC_PREPROCESSOR_DEFINITIONS = (
					"DEBUG=1",
					"$(inherited)",
				);
				GCC_WARN_64_TO_32_BIT_CONVERSION = YES;
				GCC_WARN_ABOUT_RETURN_TYPE = YES_ERROR;
				GCC_WARN_UNDECLARED_SELECTOR = YES;
				GCC_WARN_UNINITIALIZED_AUTOS = YES_AGGRESSIVE;
				GCC_WARN_UNUSED_FUNCTION = YES;
				GCC_WARN_UNUSED_VARIABLE = YES;
				IPHONEOS_DEPLOYMENT_TARGET = 16.2;
				MTL_ENABLE_DEBUG_INFO = INCLUDE_SOURCE;
				MTL_FAST_MATH = YES;
				ONLY_ACTIVE_ARCH = YES;
				SDKROOT = iphoneos;
				SWIFT_ACTIVE_COMPILATION_CONDITIONS = DEBUG;
				SWIFT_OPTIMIZATION_LEVEL = "-Onone";
			};
			name = Debug;
		};
		F2772B9C2E1DDAA2006A94BD /* Release */ = {
			isa = XCBuildConfiguration;
			buildSettings = {
				ALWAYS_SEARCH_USER_PATHS = NO;
				CLANG_ANALYZER_NONNULL = YES;
				CLANG_ANALYZER_NUMBER_OBJECT_CONVERSION = YES_AGGRESSIVE;
				CLANG_CXX_LANGUAGE_STANDARD = "gnu++20";
				CLANG_ENABLE_MODULES = YES;
				CLANG_ENABLE_OBJC_ARC = YES;
				CLANG_ENABLE_OBJC_WEAK = YES;
				CLANG_WARN_BLOCK_CAPTURE_AUTORELEASING = YES;
				CLANG_WARN_BOOL_CONVERSION = YES;
				CLANG_WARN_COMMA = YES;
				CLANG_WARN_CONSTANT_CONVERSION = YES;
				CLANG_WARN_DEPRECATED_OBJC_IMPLEMENTATIONS = YES;
				CLANG_WARN_DIRECT_OBJC_ISA_USAGE = YES_ERROR;
				CLANG_WARN_DOCUMENTATION_COMMENTS = YES;
				CLANG_WARN_EMPTY_BODY = YES;
				CLANG_WARN_ENUM_CONVERSION = YES;
				CLANG_WARN_INFINITE_RECURSION = YES;
				CLANG_WARN_INT_CONVERSION = YES;
				CLANG_WARN_NON_LITERAL_NULL_CONVERSION = YES;
				CLANG_WARN_OBJC_IMPLICIT_RETAIN_SELF = YES;
				CLANG_WARN_OBJC_LITERAL_CONVERSION = YES;
				CLANG_WARN_OBJC_ROOT_CLASS = YES_ERROR;
				CLANG_WARN_QUOTED_INCLUDE_IN_FRAMEWORK_HEADER = YES;
				CLANG_WARN_RANGE_LOOP_ANALYSIS = YES;
				CLANG_WARN_STRICT_PROTOTYPES = YES;
				CLANG_WARN_SUSPICIOUS_MOVE = YES;
				CLANG_WARN_UNGUARDED_AVAILABILITY = YES_AGGRESSIVE;
				CLANG_WARN_UNREACHABLE_CODE = YES;
				CLANG_WARN__DUPLICATE_METHOD_MATCH = YES;
				COPY_PHASE_STRIP = NO;
				DEBUG_INFORMATION_FORMAT = "dwarf-with-dsym";
				ENABLE_NS_ASSERTIONS = NO;
				ENABLE_STRICT_OBJC_MSGSEND = YES;
				GCC_C_LANGUAGE_STANDARD = gnu11;
				GCC_NO_COMMON_BLOCKS = YES;
				GCC_WARN_64_TO_32_BIT_CONVERSION = YES;
				GCC_WARN_ABOUT_RETURN_TYPE = YES_ERROR;
				GCC_WARN_UNDECLARED_SELECTOR = YES;
				GCC_WARN_UNINITIALIZED_AUTOS = YES_AGGRESSIVE;
				GCC_WARN_UNUSED_FUNCTION = YES;
				GCC_WARN_UNUSED_VARIABLE = YES;
				IPHONEOS_DEPLOYMENT_TARGET = 16.2;
				MTL_ENABLE_DEBUG_INFO = NO;
				MTL_FAST_MATH = YES;
				SDKROOT = iphoneos;
				SWIFT_COMPILATION_MODE = wholemodule;
				SWIFT_OPTIMIZATION_LEVEL = "-O";
				VALIDATE_PRODUCT = YES;
			};
			name = Release;
		};
		F2772B9E2E1DDAA2006A94BD /* Debug */ = {
			isa = XCBuildConfiguration;
			buildSettings = {
				ASSETCATALOG_COMPILER_APPICON_NAME = AppIcon;
				ASSETCATALOG_COMPILER_GLOBAL_ACCENT_COLOR_NAME = AccentColor;
				CODE_SIGN_ENTITLEMENTS = MyContinuingEdApp/MyContinuingEdApp.entitlements;
				CODE_SIGN_STYLE = Automatic;
				CURRENT_PROJECT_VERSION = 1;
				DEVELOPMENT_ASSET_PATHS = "\"MyContinuingEdApp/Preview Content\"";
				DEVELOPMENT_TEAM = 5ZMV4Y9GVG;
				ENABLE_PREVIEWS = YES;
				GENERATE_INFOPLIST_FILE = YES;
				INFOPLIST_FILE = MyContinuingEdApp/Info.plist;
				INFOPLIST_KEY_UIApplicationSceneManifest_Generation = YES;
				INFOPLIST_KEY_UIApplicationSupportsIndirectInputEvents = YES;
				INFOPLIST_KEY_UILaunchScreen_Generation = YES;
				INFOPLIST_KEY_UISupportedInterfaceOrientations = "UIInterfaceOrientationLandscapeLeft UIInterfaceOrientationLandscapeRight UIInterfaceOrientationPortrait UIInterfaceOrientationPortraitUpsideDown";
				LD_RUNPATH_SEARCH_PATHS = (
					"$(inherited)",
					"@executable_path/Frameworks",
				);
				MARKETING_VERSION = 1.0;
				PRODUCT_BUNDLE_IDENTIFIER = TheEmpire.MyContinuingEdApp;
				PRODUCT_NAME = "$(TARGET_NAME)";
				SWIFT_EMIT_LOC_STRINGS = YES;
				SWIFT_VERSION = 5.0;
				TARGETED_DEVICE_FAMILY = "1,2";
			};
			name = Debug;
		};
		F2772B9F2E1DDAA2006A94BD /* Release */ = {
			isa = XCBuildConfiguration;
			buildSettings = {
				ASSETCATALOG_COMPILER_APPICON_NAME = AppIcon;
				ASSETCATALOG_COMPILER_GLOBAL_ACCENT_COLOR_NAME = AccentColor;
				CODE_SIGN_ENTITLEMENTS = MyContinuingEdApp/MyContinuingEdApp.entitlements;
				CODE_SIGN_STYLE = Automatic;
				CURRENT_PROJECT_VERSION = 1;
				DEVELOPMENT_ASSET_PATHS = "\"MyContinuingEdApp/Preview Content\"";
				DEVELOPMENT_TEAM = 5ZMV4Y9GVG;
				ENABLE_PREVIEWS = YES;
				GENERATE_INFOPLIST_FILE = YES;
				INFOPLIST_FILE = MyContinuingEdApp/Info.plist;
				INFOPLIST_KEY_UIApplicationSceneManifest_Generation = YES;
				INFOPLIST_KEY_UIApplicationSupportsIndirectInputEvents = YES;
				INFOPLIST_KEY_UILaunchScreen_Generation = YES;
				INFOPLIST_KEY_UISupportedInterfaceOrientations = "UIInterfaceOrientationLandscapeLeft UIInterfaceOrientationLandscapeRight UIInterfaceOrientationPortrait UIInterfaceOrientationPortraitUpsideDown";
				LD_RUNPATH_SEARCH_PATHS = (
					"$(inherited)",
					"@executable_path/Frameworks",
				);
				MARKETING_VERSION = 1.0;
				PRODUCT_BUNDLE_IDENTIFIER = TheEmpire.MyContinuingEdApp;
				PRODUCT_NAME = "$(TARGET_NAME)";
				SWIFT_EMIT_LOC_STRINGS = YES;
				SWIFT_VERSION = 5.0;
				TARGETED_DEVICE_FAMILY = "1,2";
			};
			name = Release;
		};
/* End XCBuildConfiguration section */

/* Begin XCConfigurationList section */
		F2772B8A2E1DDA9F006A94BD /* Build configuration list for PBXProject "MyContinuingEdApp" */ = {
			isa = XCConfigurationList;
			buildConfigurations = (
				F2772B9B2E1DDAA2006A94BD /* Debug */,
				F2772B9C2E1DDAA2006A94BD /* Release */,
			);
			defaultConfigurationIsVisible = 0;
			defaultConfigurationName = Release;
		};
		F2772B9D2E1DDAA2006A94BD /* Build configuration list for PBXNativeTarget "MyContinuingEdApp" */ = {
			isa = XCConfigurationList;
			buildConfigurations = (
				F2772B9E2E1DDAA2006A94BD /* Debug */,
				F2772B9F2E1DDAA2006A94BD /* Release */,
			);
			defaultConfigurationIsVisible = 0;
			defaultConfigurationName = Release;
		};
/* End XCConfigurationList section */

/* Begin XCVersionGroup section */
		F2772BA02E1DDB3B006A94BD /* CEActivityModel.xcdatamodeld */ = {
			isa = XCVersionGroup;
			children = (
				F2772BA12E1DDB3B006A94BD /* CEActivityModel.xcdatamodel */,
			);
			currentVersion = F2772BA12E1DDB3B006A94BD /* CEActivityModel.xcdatamodel */;
			path = CEActivityModel.xcdatamodeld;
			sourceTree = "<group>";
			versionGroupType = wrapper.xcdatamodel;
		};
/* End XCVersionGroup section */
	};
	rootObject = F2772B872E1DDA9F006A94BD /* Project object */;
}
